
Microsoft Visual Studio Solution File, Format Version 12.00
# Visual Studio 15
VisualStudioVersion = 15.0.27130.2027
MinimumVisualStudioVersion = 10.0.40219.1
Project("{9A19103F-16F7-4668-BE54-9A1E7A4F7556}") = "ExamPreparation01", "ExamPreparation01.csproj", "{39370B72-3E13-4490-84AA-2A58996CBC16}"
EndProject
Global
	GlobalSection(SolutionConfigurationPlatforms) = preSolution
		Debug|Any CPU = Debug|Any CPU
		Release|Any CPU = Release|Any CPU
	EndGlobalSection
	GlobalSection(ProjectConfigurationPlatforms) = postSolution
		{39370B72-3E13-4490-84AA-2A58996CBC16}.Debug|Any CPU.ActiveCfg = Debug|Any CPU
		{39370B72-3E13-4490-84AA-2A58996CBC16}.Debug|Any CPU.Build.0 = Debug|Any CPU
		{39370B72-3E13-4490-84AA-2A58996CBC16}.Release|Any CPU.ActiveCfg = Release|Any CPU
		{39370B72-3E13-4490-84AA-2A58996CBC16}.Release|Any CPU.Build.0 = Release|Any CPU
	EndGlobalSection
	GlobalSection(SolutionProperties) = preSolution
		HideSolutionNode = FALSE
	EndGlobalSection
	GlobalSection(ExtensibilityGlobals) = postSolution
		SolutionGuid = {7DA7DA5D-2F2F-4350-B8F7-F0E7033BA55C}
	EndGlobalSection
EndGlobal
